
Microsoft Visual Studio Solution File, Format Version 12.00
# Visual Studio Version 16
VisualStudioVersion = 16.0.31515.178
MinimumVisualStudioVersion = 15.0.26124.0
Project("{2150E333-8FDC-42A3-9474-1A3956D46DE8}") = "src", "src", "{6927D36C-F9C6-4C65-857A-3561078889A5}"
EndProject
Project("{9A19103F-16F7-4668-BE54-9A1E7A4F7556}") = "AlzaTest.Products.API", "src\AlzaTest.Products.API\AlzaTest.Products.API.csproj", "{17F36DA1-A5AC-4E9D-9CA3-3936FF5B0F22}"
EndProject
Project("{9A19103F-16F7-4668-BE54-9A1E7A4F7556}") = "AlzaTest.Products.Domain", "src\AlzaTest.Products.Domain\AlzaTest.Products.Domain.csproj", "{F924A1B2-AE47-4D51-9161-9CFE86EE54FF}"
EndProject
Project("{2150E333-8FDC-42A3-9474-1A3956D46DE8}") = "tests", "tests", "{F067EC0A-9617-444B-94C8-6074F112BA96}"
EndProject
Project("{9A19103F-16F7-4668-BE54-9A1E7A4F7556}") = "AlzaTest.UnitTests.Products", "tests\AlzaTest.UnitTests.Products\AlzaTest.UnitTests.Products.csproj", "{D09CBC3B-D4BC-4C0A-BBDA-26BA0FD59FE5}"
EndProject
Project("{2150E333-8FDC-42A3-9474-1A3956D46DE8}") = "Products", "Products", "{141B0D30-AF03-45ED-817E-2CE90EDD8737}"
EndProject
Project("{9A19103F-16F7-4668-BE54-9A1E7A4F7556}") = "AlzaTest.Products.Persistence", "src\AlzaTest.Products.Persistence\AlzaTest.Products.Persistence.csproj", "{B7381461-C4A4-4916-B349-8356EB729B46}"
EndProject
Project("{9A19103F-16F7-4668-BE54-9A1E7A4F7556}") = "AlzaTest.Products.Infrastructure", "src\AlzaTest.Products.Infrastructure\AlzaTest.Products.Infrastructure.csproj", "{E95C1059-FDF7-465C-B9E1-89C4F1E47F38}"
EndProject
Global
	GlobalSection(SolutionConfigurationPlatforms) = preSolution
		Debug|Any CPU = Debug|Any CPU
		Debug|x64 = Debug|x64
		Debug|x86 = Debug|x86
		Release|Any CPU = Release|Any CPU
		Release|x64 = Release|x64
		Release|x86 = Release|x86
	EndGlobalSection
	GlobalSection(ProjectConfigurationPlatforms) = postSolution
		{17F36DA1-A5AC-4E9D-9CA3-3936FF5B0F22}.Debug|Any CPU.ActiveCfg = Debug|Any CPU
		{17F36DA1-A5AC-4E9D-9CA3-3936FF5B0F22}.Debug|Any CPU.Build.0 = Debug|Any CPU
		{17F36DA1-A5AC-4E9D-9CA3-3936FF5B0F22}.Debug|x64.ActiveCfg = Debug|Any CPU
		{17F36DA1-A5AC-4E9D-9CA3-3936FF5B0F22}.Debug|x64.Build.0 = Debug|Any CPU
		{17F36DA1-A5AC-4E9D-9CA3-3936FF5B0F22}.Debug|x86.ActiveCfg = Debug|Any CPU
		{17F36DA1-A5AC-4E9D-9CA3-3936FF5B0F22}.Debug|x86.Build.0 = Debug|Any CPU
		{17F36DA1-A5AC-4E9D-9CA3-3936FF5B0F22}.Release|Any CPU.ActiveCfg = Release|Any CPU
		{17F36DA1-A5AC-4E9D-9CA3-3936FF5B0F22}.Release|Any CPU.Build.0 = Release|Any CPU
		{17F36DA1-A5AC-4E9D-9CA3-3936FF5B0F22}.Release|x64.ActiveCfg = Release|Any CPU
		{17F36DA1-A5AC-4E9D-9CA3-3936FF5B0F22}.Release|x64.Build.0 = Release|Any CPU
		{17F36DA1-A5AC-4E9D-9CA3-3936FF5B0F22}.Release|x86.ActiveCfg = Release|Any CPU
		{17F36DA1-A5AC-4E9D-9CA3-3936FF5B0F22}.Release|x86.Build.0 = Release|Any CPU
		{F924A1B2-AE47-4D51-9161-9CFE86EE54FF}.Debug|Any CPU.ActiveCfg = Debug|Any CPU
		{F924A1B2-AE47-4D51-9161-9CFE86EE54FF}.Debug|Any CPU.Build.0 = Debug|Any CPU
		{F924A1B2-AE47-4D51-9161-9CFE86EE54FF}.Debug|x64.ActiveCfg = Debug|Any CPU
		{F924A1B2-AE47-4D51-9161-9CFE86EE54FF}.Debug|x64.Build.0 = Debug|Any CPU
		{F924A1B2-AE47-4D51-9161-9CFE86EE54FF}.Debug|x86.ActiveCfg = Debug|Any CPU
		{F924A1B2-AE47-4D51-9161-9CFE86EE54FF}.Debug|x86.Build.0 = Debug|Any CPU
		{F924A1B2-AE47-4D51-9161-9CFE86EE54FF}.Release|Any CPU.ActiveCfg = Release|Any CPU
		{F924A1B2-AE47-4D51-9161-9CFE86EE54FF}.Release|Any CPU.Build.0 = Release|Any CPU
		{F924A1B2-AE47-4D51-9161-9CFE86EE54FF}.Release|x64.ActiveCfg = Release|Any CPU
		{F924A1B2-AE47-4D51-9161-9CFE86EE54FF}.Release|x64.Build.0 = Release|Any CPU
		{F924A1B2-AE47-4D51-9161-9CFE86EE54FF}.Release|x86.ActiveCfg = Release|Any CPU
		{F924A1B2-AE47-4D51-9161-9CFE86EE54FF}.Release|x86.Build.0 = Release|Any CPU
		{D09CBC3B-D4BC-4C0A-BBDA-26BA0FD59FE5}.Debug|Any CPU.ActiveCfg = Debug|Any CPU
		{D09CBC3B-D4BC-4C0A-BBDA-26BA0FD59FE5}.Debug|Any CPU.Build.0 = Debug|Any CPU
		{D09CBC3B-D4BC-4C0A-BBDA-26BA0FD59FE5}.Debug|x64.ActiveCfg = Debug|Any CPU
		{D09CBC3B-D4BC-4C0A-BBDA-26BA0FD59FE5}.Debug|x64.Build.0 = Debug|Any CPU
		{D09CBC3B-D4BC-4C0A-BBDA-26BA0FD59FE5}.Debug|x86.ActiveCfg = Debug|Any CPU
		{D09CBC3B-D4BC-4C0A-BBDA-26BA0FD59FE5}.Debug|x86.Build.0 = Debug|Any CPU
		{D09CBC3B-D4BC-4C0A-BBDA-26BA0FD59FE5}.Release|Any CPU.ActiveCfg = Release|Any CPU
		{D09CBC3B-D4BC-4C0A-BBDA-26BA0FD59FE5}.Release|Any CPU.Build.0 = Release|Any CPU
		{D09CBC3B-D4BC-4C0A-BBDA-26BA0FD59FE5}.Release|x64.ActiveCfg = Release|Any CPU
		{D09CBC3B-D4BC-4C0A-BBDA-26BA0FD59FE5}.Release|x64.Build.0 = Release|Any CPU
		{D09CBC3B-D4BC-4C0A-BBDA-26BA0FD59FE5}.Release|x86.ActiveCfg = Release|Any CPU
		{D09CBC3B-D4BC-4C0A-BBDA-26BA0FD59FE5}.Release|x86.Build.0 = Release|Any CPU
		{B7381461-C4A4-4916-B349-8356EB729B46}.Debug|Any CPU.ActiveCfg = Debug|Any CPU
		{B7381461-C4A4-4916-B349-8356EB729B46}.Debug|Any CPU.Build.0 = Debug|Any CPU
		{B7381461-C4A4-4916-B349-8356EB729B46}.Debug|x64.ActiveCfg = Debug|Any CPU
		{B7381461-C4A4-4916-B349-8356EB729B46}.Debug|x64.Build.0 = Debug|Any CPU
		{B7381461-C4A4-4916-B349-8356EB729B46}.Debug|x86.ActiveCfg = Debug|Any CPU
		{B7381461-C4A4-4916-B349-8356EB729B46}.Debug|x86.Build.0 = Debug|Any CPU
		{B7381461-C4A4-4916-B349-8356EB729B46}.Release|Any CPU.ActiveCfg = Release|Any CPU
		{B7381461-C4A4-4916-B349-8356EB729B46}.Release|Any CPU.Build.0 = Release|Any CPU
		{B7381461-C4A4-4916-B349-8356EB729B46}.Release|x64.ActiveCfg = Release|Any CPU
		{B7381461-C4A4-4916-B349-8356EB729B46}.Release|x64.Build.0 = Release|Any CPU
		{B7381461-C4A4-4916-B349-8356EB729B46}.Release|x86.ActiveCfg = Release|Any CPU
		{B7381461-C4A4-4916-B349-8356EB729B46}.Release|x86.Build.0 = Release|Any CPU
		{E95C1059-FDF7-465C-B9E1-89C4F1E47F38}.Debug|Any CPU.ActiveCfg = Debug|Any CPU
		{E95C1059-FDF7-465C-B9E1-89C4F1E47F38}.Debug|Any CPU.Build.0 = Debug|Any CPU
		{E95C1059-FDF7-465C-B9E1-89C4F1E47F38}.Debug|x64.ActiveCfg = Debug|Any CPU
		{E95C1059-FDF7-465C-B9E1-89C4F1E47F38}.Debug|x64.Build.0 = Debug|Any CPU
		{E95C1059-FDF7-465C-B9E1-89C4F1E47F38}.Debug|x86.ActiveCfg = Debug|Any CPU
		{E95C1059-FDF7-465C-B9E1-89C4F1E47F38}.Debug|x86.Build.0 = Debug|Any CPU
		{E95C1059-FDF7-465C-B9E1-89C4F1E47F38}.Release|Any CPU.ActiveCfg = Release|Any CPU
		{E95C1059-FDF7-465C-B9E1-89C4F1E47F38}.Release|Any CPU.Build.0 = Release|Any CPU
		{E95C1059-FDF7-465C-B9E1-89C4F1E47F38}.Release|x64.ActiveCfg = Release|Any CPU
		{E95C1059-FDF7-465C-B9E1-89C4F1E47F38}.Release|x64.Build.0 = Release|Any CPU
		{E95C1059-FDF7-465C-B9E1-89C4F1E47F38}.Release|x86.ActiveCfg = Release|Any CPU
		{E95C1059-FDF7-465C-B9E1-89C4F1E47F38}.Release|x86.Build.0 = Release|Any CPU
	EndGlobalSection
	GlobalSection(SolutionProperties) = preSolution
		HideSolutionNode = FALSE
	EndGlobalSection
	GlobalSection(NestedProjects) = preSolution
		{17F36DA1-A5AC-4E9D-9CA3-3936FF5B0F22} = {141B0D30-AF03-45ED-817E-2CE90EDD8737}
		{F924A1B2-AE47-4D51-9161-9CFE86EE54FF} = {141B0D30-AF03-45ED-817E-2CE90EDD8737}
		{D09CBC3B-D4BC-4C0A-BBDA-26BA0FD59FE5} = {F067EC0A-9617-444B-94C8-6074F112BA96}
		{141B0D30-AF03-45ED-817E-2CE90EDD8737} = {6927D36C-F9C6-4C65-857A-3561078889A5}
		{B7381461-C4A4-4916-B349-8356EB729B46} = {141B0D30-AF03-45ED-817E-2CE90EDD8737}
		{E95C1059-FDF7-465C-B9E1-89C4F1E47F38} = {141B0D30-AF03-45ED-817E-2CE90EDD8737}
	EndGlobalSection
	GlobalSection(ExtensibilityGlobals) = postSolution
		SolutionGuid = {68DA90B5-3AE7-45BD-A88E-639F60C7213B}
	EndGlobalSection
EndGlobal
